
Microsoft Visual Studio Solution File, Format Version 12.00
# Visual Studio Version 17
VisualStudioVersion = 17.13.35825.156 d17.13
MinimumVisualStudioVersion = 10.0.40219.1
Project("{FAE04EC0-301F-11D3-BF4B-00C04F79EFBC}") = "JogoDaAdivinhacao.ConsoleApp", "JogoDaAdivinhacao.ConsoleApp\JogoDaAdivinhacao.ConsoleApp.csproj", "{4D240F5C-4E5B-4FF8-8F92-AC2062897FEE}"
EndProject
Global
	GlobalSection(SolutionConfigurationPlatforms) = preSolution
		Debug|Any CPU = Debug|Any CPU
		Release|Any CPU = Release|Any CPU
	EndGlobalSection
	GlobalSection(ProjectConfigurationPlatforms) = postSolution
		{4D240F5C-4E5B-4FF8-8F92-AC2062897FEE}.Debug|Any CPU.ActiveCfg = Debug|Any CPU
		{4D240F5C-4E5B-4FF8-8F92-AC2062897FEE}.Debug|Any CPU.Build.0 = Debug|Any CPU
		{4D240F5C-4E5B-4FF8-8F92-AC2062897FEE}.Release|Any CPU.ActiveCfg = Release|Any CPU
		{4D240F5C-4E5B-4FF8-8F92-AC2062897FEE}.Release|Any CPU.Build.0 = Release|Any CPU
	EndGlobalSection
	GlobalSection(SolutionProperties) = preSolution
		HideSolutionNode = FALSE
	EndGlobalSection
	GlobalSection(ExtensibilityGlobals) = postSolution
		SolutionGuid = {51BAA82E-C27D-45FD-ABAF-329260F8F9DC}
	EndGlobalSection
EndGlobal
